// !$*UTF8*$!
{
	archiveVersion = 1;
	classes = {
	};
	objectVersion = 51;
	objects = {

/* Begin PBXBuildFile section */
		B18BAACAF419C4C872AA795C /* Pods_namerRX.framework in Frameworks */ = {isa = PBXBuildFile; fileRef = 1A9D6FEDF86274A7FAF90398 /* Pods_namerRX.framework */; };
		F214AA362449D8CD0095E673 /* AddNameVC.swift in Sources */ = {isa = PBXBuildFile; fileRef = F214AA352449D8CC0095E673 /* AddNameVC.swift */; };
		F286562C24470DE1003EB718 /* AppDelegate.swift in Sources */ = {isa = PBXBuildFile; fileRef = F286562B24470DE1003EB718 /* AppDelegate.swift */; };
		F286562E24470DE1003EB718 /* ViewController.swift in Sources */ = {isa = PBXBuildFile; fileRef = F286562D24470DE1003EB718 /* ViewController.swift */; };
		F286563124470DE1003EB718 /* Main.storyboard in Resources */ = {isa = PBXBuildFile; fileRef = F286562F24470DE1003EB718 /* Main.storyboard */; };
		F286563324470DF4003EB718 /* Assets.xcassets in Resources */ = {isa = PBXBuildFile; fileRef = F286563224470DF4003EB718 /* Assets.xcassets */; };
		F286563624470DF4003EB718 /* LaunchScreen.storyboard in Resources */ = {isa = PBXBuildFile; fileRef = F286563424470DF4003EB718 /* LaunchScreen.storyboard */; };
/* End PBXBuildFile section */

/* Begin PBXFileReference section */
		1A9D6FEDF86274A7FAF90398 /* Pods_namerRX.framework */ = {isa = PBXFileReference; explicitFileType = wrapper.framework; includeInIndex = 0; path = Pods_namerRX.framework; sourceTree = BUILT_PRODUCTS_DIR; };
		28900CD420FC43249A960198 /* Pods-namerRX.release.xcconfig */ = {isa = PBXFileReference; includeInIndex = 1; lastKnownFileType = text.xcconfig; name = "Pods-namerRX.release.xcconfig"; path = "Target Support Files/Pods-namerRX/Pods-namerRX.release.xcconfig"; sourceTree = "<group>"; };
		EDF986CE2F06BB10B9708C35 /* Pods-namerRX.debug.xcconfig */ = {isa = PBXFileReference; includeInIndex = 1; lastKnownFileType = text.xcconfig; name = "Pods-namerRX.debug.xcconfig"; path = "Target Support Files/Pods-namerRX/Pods-namerRX.debug.xcconfig"; sourceTree = "<group>"; };
		F214AA352449D8CC0095E673 /* AddNameVC.swift */ = {isa = PBXFileReference; lastKnownFileType = sourcecode.swift; path = AddNameVC.swift; sourceTree = "<group>"; };
		F286562824470DE1003EB718 /* namerRX.app */ = {isa = PBXFileReference; explicitFileType = wrapper.application; includeInIndex = 0; path = namerRX.app; sourceTree = BUILT_PRODUCTS_DIR; };
		F286562B24470DE1003EB718 /* AppDelegate.swift */ = {isa = PBXFileReference; lastKnownFileType = sourcecode.swift; path = AppDelegate.swift; sourceTree = "<group>"; };
		F286562D24470DE1003EB718 /* ViewController.swift */ = {isa = PBXFileReference; lastKnownFileType = sourcecode.swift; path = ViewController.swift; sourceTree = "<group>"; };
		F286563024470DE1003EB718 /* Base */ = {isa = PBXFileReference; lastKnownFileType = file.storyboard; name = Base; path = Base.lproj/Main.storyboard; sourceTree = "<group>"; };
		F286563224470DF4003EB718 /* Assets.xcassets */ = {isa = PBXFileReference; lastKnownFileType = folder.assetcatalog; path = Assets.xcassets; sourceTree = "<group>"; };
		F286563524470DF4003EB718 /* Base */ = {isa = PBXFileReference; lastKnownFileType = file.storyboard; name = Base; path = Base.lproj/LaunchScreen.storyboard; sourceTree = "<group>"; };
		F286563724470DF4003EB718 /* Info.plist */ = {isa = PBXFileReference; lastKnownFileType = text.plist.xml; path = Info.plist; sourceTree = "<group>"; };
/* End PBXFileReference section */

/* Begin PBXFrameworksBuildPhase section */
		F286562524470DE1003EB718 /* Frameworks */ = {
			isa = PBXFrameworksBuildPhase;
			buildActionMask = 2147483647;
			files = (
				B18BAACAF419C4C872AA795C /* Pods_namerRX.framework in Frameworks */,
			);
			runOnlyForDeploymentPostprocessing = 0;
		};
/* End PBXFrameworksBuildPhase section */

/* Begin PBXGroup section */
		515FF7C5658AE06D42D472CD /* Pods */ = {
			isa = PBXGroup;
			children = (
				EDF986CE2F06BB10B9708C35 /* Pods-namerRX.debug.xcconfig */,
				28900CD420FC43249A960198 /* Pods-namerRX.release.xcconfig */,
			);
			path = Pods;
			sourceTree = "<group>";
		};
		F286561F24470DE1003EB718 = {
			isa = PBXGroup;
			children = (
				F286562A24470DE1003EB718 /* namerRX */,
				F286562924470DE1003EB718 /* Products */,
				515FF7C5658AE06D42D472CD /* Pods */,
				FA5E49FF9B60B81AB0A46E9C /* Frameworks */,
			);
			sourceTree = "<group>";
		};
		F286562924470DE1003EB718 /* Products */ = {
			isa = PBXGroup;
			children = (
				F286562824470DE1003EB718 /* namerRX.app */,
			);
			name = Products;
			sourceTree = "<group>";
		};
		F286562A24470DE1003EB718 /* namerRX */ = {
			isa = PBXGroup;
			children = (
				F286562B24470DE1003EB718 /* AppDelegate.swift */,
				F286562D24470DE1003EB718 /* ViewController.swift */,
				F286562F24470DE1003EB718 /* Main.storyboard */,
				F286563224470DF4003EB718 /* Assets.xcassets */,
				F286563424470DF4003EB718 /* LaunchScreen.storyboard */,
				F286563724470DF4003EB718 /* Info.plist */,
				F214AA352449D8CC0095E673 /* AddNameVC.swift */,
			);
			path = namerRX;
			sourceTree = "<group>";
		};
		FA5E49FF9B60B81AB0A46E9C /* Frameworks */ = {
			isa = PBXGroup;
			children = (
				1A9D6FEDF86274A7FAF90398 /* Pods_namerRX.framework */,
			);
			name = Frameworks;
			sourceTree = "<group>";
		};
/* End PBXGroup section */

/* Begin PBXNativeTarget section */
		F286562724470DE1003EB718 /* namerRX */ = {
			isa = PBXNativeTarget;
			buildConfigurationList = F286563A24470DF4003EB718 /* Build configuration list for PBXNativeTarget "namerRX" */;
			buildPhases = (
				1EABA1B1223B5ECE3494FE9E /* [CP] Check Pods Manifest.lock */,
				F286562424470DE1003EB718 /* Sources */,
				F286562524470DE1003EB718 /* Frameworks */,
				F286562624470DE1003EB718 /* Resources */,
				1DCBD7A91D28886EDE87739F /* [CP] Embed Pods Frameworks */,
			);
			buildRules = (
			);
			dependencies = (
			);
			name = namerRX;
			productName = namerRX;
			productReference = F286562824470DE1003EB718 /* namerRX.app */;
			productType = "com.apple.product-type.application";
		};
/* End PBXNativeTarget section */

/* Begin PBXProject section */
		F286562024470DE1003EB718 /* Project object */ = {
			isa = PBXProject;
			attributes = {
				LastSwiftUpdateCheck = 1010;
				LastUpgradeCheck = 1010;
				ORGANIZATIONNAME = pop;
				TargetAttributes = {
					F286562724470DE1003EB718 = {
						CreatedOnToolsVersion = 10.1;
					};
				};
			};
			buildConfigurationList = F286562324470DE1003EB718 /* Build configuration list for PBXProject "namerRX" */;
			compatibilityVersion = "Xcode 9.3";
			developmentRegion = en;
			hasScannedForEncodings = 0;
			knownRegions = (
				en,
				Base,
			);
			mainGroup = F286561F24470DE1003EB718;
			productRefGroup = F286562924470DE1003EB718 /* Products */;
			projectDirPath = "";
			projectRoot = "";
			targets = (
				F286562724470DE1003EB718 /* namerRX */,
			);
		};
/* End PBXProject section */

/* Begin PBXResourcesBuildPhase section */
		F286562624470DE1003EB718 /* Resources */ = {
			isa = PBXResourcesBuildPhase;
			buildActionMask = 2147483647;
			files = (
				F286563624470DF4003EB718 /* LaunchScreen.storyboard in Resources */,
				F286563324470DF4003EB718 /* Assets.xcassets in Resources */,
				F286563124470DE1003EB718 /* Main.storyboard in Resources */,
			);
			runOnlyForDeploymentPostprocessing = 0;
		};
/* End PBXResourcesBuildPhase section */

/* Begin PBXShellScriptBuildPhase section */
		1DCBD7A91D28886EDE87739F /* [CP] Embed Pods Frameworks */ = {
			isa = PBXShellScriptBuildPhase;
			buildActionMask = 2147483647;
			files = (
			);
			inputFileListPaths = (
				"${PODS_ROOT}/Target Support Files/Pods-namerRX/Pods-namerRX-frameworks-${CONFIGURATION}-input-files.xcfilelist",
			);
			name = "[CP] Embed Pods Frameworks";
			outputFileListPaths = (
				"${PODS_ROOT}/Target Support Files/Pods-namerRX/Pods-namerRX-frameworks-${CONFIGURATION}-output-files.xcfilelist",
			);
			runOnlyForDeploymentPostprocessing = 0;
			shellPath = /bin/sh;
			shellScript = "\"${PODS_ROOT}/Target Support Files/Pods-namerRX/Pods-namerRX-frameworks.sh\"\n";
			showEnvVarsInLog = 0;
		};
		1EABA1B1223B5ECE3494FE9E /* [CP] Check Pods Manifest.lock */ = {
			isa = PBXShellScriptBuildPhase;
			buildActionMask = 2147483647;
			files = (
			);
			inputFileListPaths = (
			);
			inputPaths = (
				"${PODS_PODFILE_DIR_PATH}/Podfile.lock",
				"${PODS_ROOT}/Manifest.lock",
			);
			name = "[CP] Check Pods Manifest.lock";
			outputFileListPaths = (
			);
			outputPaths = (
				"$(DERIVED_FILE_DIR)/Pods-namerRX-checkManifestLockResult.txt",
			);
			runOnlyForDeploymentPostprocessing = 0;
			shellPath = /bin/sh;
			shellScript = "diff \"${PODS_PODFILE_DIR_PATH}/Podfile.lock\" \"${PODS_ROOT}/Manifest.lock\" > /dev/null\nif [ $? != 0 ] ; then\n    # print error to STDERR\n    echo \"error: The sandbox is not in sync with the Podfile.lock. Run 'pod install' or update your CocoaPods installation.\" >&2\n    exit 1\nfi\n# This output is used by Xcode 'outputs' to avoid re-running this script phase.\necho \"SUCCESS\" > \"${SCRIPT_OUTPUT_FILE_0}\"\n";
			showEnvVarsInLog = 0;
		};
/* End PBXShellScriptBuildPhase section */

/* Begin PBXSourcesBuildPhase section */
		F286562424470DE1003EB718 /* Sources */ = {
			isa = PBXSourcesBuildPhase;
			buildActionMask = 2147483647;
			files = (
				F214AA362449D8CD0095E673 /* AddNameVC.swift in Sources */,
				F286562E24470DE1003EB718 /* ViewController.swift in Sources */,
				F286562C24470DE1003EB718 /* AppDelegate.swift in Sources */,
			);
			runOnlyForDeploymentPostprocessing = 0;
		};
/* End PBXSourcesBuildPhase section */

/* Begin PBXVariantGroup section */
		F286562F24470DE1003EB718 /* Main.storyboard */ = {
			isa = PBXVariantGroup;
			children = (
				F286563024470DE1003EB718 /* Base */,
			);
			name = Main.storyboard;
			sourceTree = "<group>";
		};
		F286563424470DF4003EB718 /* LaunchScreen.storyboard */ = {
			isa = PBXVariantGroup;
			children = (
				F286563524470DF4003EB718 /* Base */,
			);
			name = LaunchScreen.storyboard;
			sourceTree = "<group>";
		};
/* End PBXVariantGroup section */

/* Begin XCBuildConfiguration section */
		F286563824470DF4003EB718 /* Debug */ = {
			isa = XCBuildConfiguration;
			buildSettings = {
				ALWAYS_SEARCH_USER_PATHS = NO;
				CLANG_ANALYZER_NONNULL = YES;
				CLANG_ANALYZER_NUMBER_OBJECT_CONVERSION = YES_AGGRESSIVE;
				CLANG_CXX_LANGUAGE_STANDARD = "gnu++14";
				CLANG_CXX_LIBRARY = "libc++";
				CLANG_ENABLE_MODULES = YES;
				CLANG_ENABLE_OBJC_ARC = YES;
				CLANG_ENABLE_OBJC_WEAK = YES;
				CLANG_WARN_BLOCK_CAPTURE_AUTORELEASING = YES;
				CLANG_WARN_BOOL_CONVERSION = YES;
				CLANG_WARN_COMMA = YES;
				CLANG_WARN_CONSTANT_CONVERSION = YES;
				CLANG_WARN_DEPRECATED_OBJC_IMPLEMENTATIONS = YES;
				CLANG_WARN_DIRECT_OBJC_ISA_USAGE = YES_ERROR;
				CLANG_WARN_DOCUMENTATION_COMMENTS = YES;
				CLANG_WARN_EMPTY_BODY = YES;
				CLANG_WARN_ENUM_CONVERSION = YES;
				CLANG_WARN_INFINITE_RECURSION = YES;
				CLANG_WARN_INT_CONVERSION = YES;
				CLANG_WARN_NON_LITERAL_NULL_CONVERSION = YES;
				CLANG_WARN_OBJC_IMPLICIT_RETAIN_SELF = YES;
				CLANG_WARN_OBJC_LITERAL_CONVERSION = YES;
				CLANG_WARN_OBJC_ROOT_CLASS = YES_ERROR;
				CLANG_WARN_RANGE_LOOP_ANALYSIS = YES;
				CLANG_WARN_STRICT_PROTOTYPES = YES;
				CLANG_WARN_SUSPICIOUS_MOVE = YES;
				CLANG_WARN_UNGUARDED_AVAILABILITY = YES_AGGRESSIVE;
				CLANG_WARN_UNREACHABLE_CODE = YES;
				CLANG_WARN__DUPLICATE_METHOD_MATCH = YES;
				CODE_SIGN_IDENTITY = "iPhone Developer";
				COPY_PHASE_STRIP = NO;
				DEBUG_INFORMATION_FORMAT = dwarf;
				ENABLE_STRICT_OBJC_MSGSEND = YES;
				ENABLE_TESTABILITY = YES;
				GCC_C_LANGUAGE_STANDARD = gnu11;
				GCC_DYNAMIC_NO_PIC = NO;
				GCC_NO_COMMON_BLOCKS = YES;
				GCC_OPTIMIZATION_LEVEL = 0;
				GCC_PREPROCESSOR_DEFINITIONS = (
					"DEBUG=1",
					"$(inherited)",
				);
				GCC_WARN_64_TO_32_BIT_CONVERSION = YES;
				GCC_WARN_ABOUT_RETURN_TYPE = YES_ERROR;
				GCC_WARN_UNDECLARED_SELECTOR = YES;
				GCC_WARN_UNINITIALIZED_AUTOS = YES_AGGRESSIVE;
				GCC_WARN_UNUSED_FUNCTION = YES;
				GCC_WARN_UNUSED_VARIABLE = YES;
				IPHONEOS_DEPLOYMENT_TARGET = 12.1;
				MTL_ENABLE_DEBUG_INFO = INCLUDE_SOURCE;
				MTL_FAST_MATH = YES;
				ONLY_ACTIVE_ARCH = YES;
				SDKROOT = iphoneos;
				SWIFT_ACTIVE_COMPILATION_CONDITIONS = DEBUG;
				SWIFT_OPTIMIZATION_LEVEL = "-Onone";
			};
			name = Debug;
		};
		F286563924470DF4003EB718 /* Release */ = {
			isa = XCBuildConfiguration;
			buildSettings = {
				ALWAYS_SEARCH_USER_PATHS = NO;
				CLANG_ANALYZER_NONNULL = YES;
				CLANG_ANALYZER_NUMBER_OBJECT_CONVERSION = YES_AGGRESSIVE;
				CLANG_CXX_LANGUAGE_STANDARD = "gnu++14";
				CLANG_CXX_LIBRARY = "libc++";
				CLANG_ENABLE_MODULES = YES;
				CLANG_ENABLE_OBJC_ARC = YES;
				CLANG_ENABLE_OBJC_WEAK = YES;
				CLANG_WARN_BLOCK_CAPTURE_AUTORELEASING = YES;
				CLANG_WARN_BOOL_CONVERSION = YES;
				CLANG_WARN_COMMA = YES;
				CLANG_WARN_CONSTANT_CONVERSION = YES;
				CLANG_WARN_DEPRECATED_OBJC_IMPLEMENTATIONS = YES;
				CLANG_WARN_DIRECT_OBJC_ISA_USAGE = YES_ERROR;
				CLANG_WARN_DOCUMENTATION_COMMENTS = YES;
				CLANG_WARN_EMPTY_BODY = YES;
				CLANG_WARN_ENUM_CONVERSION = YES;
				CLANG_WARN_INFINITE_RECURSION = YES;
				CLANG_WARN_INT_CONVERSION = YES;
				CLANG_WARN_NON_LITERAL_NULL_CONVERSION = YES;
				CLANG_WARN_OBJC_IMPLICIT_RETAIN_SELF = YES;
				CLANG_WARN_OBJC_LITERAL_CONVERSION = YES;
				CLANG_WARN_OBJC_ROOT_CLASS = YES_ERROR;
				CLANG_WARN_RANGE_LOOP_ANALYSIS = YES;
				CLANG_WARN_STRICT_PROTOTYPES = YES;
				CLANG_WARN_SUSPICIOUS_MOVE = YES;
				CLANG_WARN_UNGUARDED_AVAILABILITY = YES_AGGRESSIVE;
				CLANG_WARN_UNREACHABLE_CODE = YES;
				CLANG_WARN__DUPLICATE_METHOD_MATCH = YES;
				CODE_SIGN_IDENTITY = "iPhone Developer";
				COPY_PHASE_STRIP = NO;
				DEBUG_INFORMATION_FORMAT = "dwarf-with-dsym";
				ENABLE_NS_ASSERTIONS = NO;
				ENABLE_STRICT_OBJC_MSGSEND = YES;
				GCC_C_LANGUAGE_STANDARD = gnu11;
				GCC_NO_COMMON_BLOCKS = YES;
				GCC_WARN_64_TO_32_BIT_CONVERSION = YES;
				GCC_WARN_ABOUT_RETURN_TYPE = YES_ERROR;
				GCC_WARN_UNDECLARED_SELECTOR = YES;
				GCC_WARN_UNINITIALIZED_AUTOS = YES_AGGRESSIVE;
				GCC_WARN_UNUSED_FUNCTION = YES;
				GCC_WARN_UNUSED_VARIABLE = YES;
				IPHONEOS_DEPLOYMENT_TARGET = 12.1;
				MTL_ENABLE_DEBUG_INFO = NO;
				MTL_FAST_MATH = YES;
				SDKROOT = iphoneos;
				SWIFT_COMPILATION_MODE = wholemodule;
				SWIFT_OPTIMIZATION_LEVEL = "-O";
				VALIDATE_PRODUCT = YES;
			};
			name = Release;
		};
		F286563B24470DF4003EB718 /* Debug */ = {
			isa = XCBuildConfiguration;
			baseConfigurationReference = EDF986CE2F06BB10B9708C35 /* Pods-namerRX.debug.xcconfig */;
			buildSettings = {
				ASSETCATALOG_COMPILER_APPICON_NAME = AppIcon;
				CODE_SIGN_STYLE = Automatic;
				INFOPLIST_FILE = namerRX/Info.plist;
				LD_RUNPATH_SEARCH_PATHS = (
					"$(inherited)",
					"@executable_path/Frameworks",
				);
				PRODUCT_BUNDLE_IDENTIFIER = pop.namerRX;
				PRODUCT_NAME = "$(TARGET_NAME)";
				SWIFT_VERSION = 4.2;
				TARGETED_DEVICE_FAMILY = "1,2";
			};
			name = Debug;
		};
		F286563C24470DF4003EB718 /* Release */ = {
			isa = XCBuildConfiguration;
			baseConfigurationReference = 28900CD420FC43249A960198 /* Pods-namerRX.release.xcconfig */;
			buildSettings = {
				ASSETCATALOG_COMPILER_APPICON_NAME = AppIcon;
				CODE_SIGN_STYLE = Automatic;
				INFOPLIST_FILE = namerRX/Info.plist;
				LD_RUNPATH_SEARCH_PATHS = (
					"$(inherited)",
					"@executable_path/Frameworks",
				);
				PRODUCT_BUNDLE_IDENTIFIER = pop.namerRX;
				PRODUCT_NAME = "$(TARGET_NAME)";
				SWIFT_VERSION = 4.2;
				TARGETED_DEVICE_FAMILY = "1,2";
			};
			name = Release;
		};
/* End XCBuildConfiguration section */

/* Begin XCConfigurationList section */
		F286562324470DE1003EB718 /* Build configuration list for PBXProject "namerRX" */ = {
			isa = XCConfigurationList;
			buildConfigurations = (
				F286563824470DF4003EB718 /* Debug */,
				F286563924470DF4003EB718 /* Release */,
			);
			defaultConfigurationIsVisible = 0;
			defaultConfigurationName = Release;
		};
		F286563A24470DF4003EB718 /* Build configuration list for PBXNativeTarget "namerRX" */ = {
			isa = XCConfigurationList;
			buildConfigurations = (
				F286563B24470DF4003EB718 /* Debug */,
				F286563C24470DF4003EB718 /* Release */,
			);
			defaultConfigurationIsVisible = 0;
			defaultConfigurationName = Release;
		};
/* End XCConfigurationList section */
	};
	rootObject = F286562024470DE1003EB718 /* Project object */;
}
